
Microsoft Visual Studio Solution File, Format Version 12.00
# Visual Studio Version 17
VisualStudioVersion = 17.7.34024.191
MinimumVisualStudioVersion = 10.0.40219.1
Project("{FAE04EC0-301F-11D3-BF4B-00C04F79EFBC}") = "RomanToInt", "RomanToInt.csproj", "{C82ACD63-07DA-4920-83C2-15D3827FD418}"
EndProject
Global
	GlobalSection(SolutionConfigurationPlatforms) = preSolution
		Debug|Any CPU = Debug|Any CPU
		Release|Any CPU = Release|Any CPU
	EndGlobalSection
	GlobalSection(ProjectConfigurationPlatforms) = postSolution
		{C82ACD63-07DA-4920-83C2-15D3827FD418}.Debug|Any CPU.ActiveCfg = Debug|Any CPU
		{C82ACD63-07DA-4920-83C2-15D3827FD418}.Debug|Any CPU.Build.0 = Debug|Any CPU
		{C82ACD63-07DA-4920-83C2-15D3827FD418}.Release|Any CPU.ActiveCfg = Release|Any CPU
		{C82ACD63-07DA-4920-83C2-15D3827FD418}.Release|Any CPU.Build.0 = Release|Any CPU
	EndGlobalSection
	GlobalSection(SolutionProperties) = preSolution
		HideSolutionNode = FALSE
	EndGlobalSection
	GlobalSection(ExtensibilityGlobals) = postSolution
		SolutionGuid = {D72E483D-B846-4D9F-B16B-BB54240051E5}
	EndGlobalSection
EndGlobal
